// !$*UTF8*$!
{
	archiveVersion = 1;
	classes = {
	};
	objectVersion = 56;
	objects = {

/* Begin PBXBuildFile section */
		618983332CBACA0C00A01875 /* Alamofire in Frameworks */ = {isa = PBXBuildFile; productRef = 618983322CBACA0C00A01875 /* Alamofire */; };
		6189833D2CBACC7700A01875 /* Kingfisher in Frameworks */ = {isa = PBXBuildFile; productRef = 6189833C2CBACC7700A01875 /* Kingfisher */; };
		618983882CBAEEF200A01875 /* MoviesRouter.swift in Sources */ = {isa = PBXBuildFile; fileRef = 618983822CBAEEF200A01875 /* MoviesRouter.swift */; };
		618983892CBAEEF200A01875 /* MoviesInteractor.swift in Sources */ = {isa = PBXBuildFile; fileRef = 618983802CBAEEF200A01875 /* MoviesInteractor.swift */; };
		6189838C2CBAEEF200A01875 /* MoviesPresenter.swift in Sources */ = {isa = PBXBuildFile; fileRef = 618983812CBAEEF200A01875 /* MoviesPresenter.swift */; };
		618983952CBAEF8300A01875 /* MoviesView.swift in Sources */ = {isa = PBXBuildFile; fileRef = 618983942CBAEF8300A01875 /* MoviesView.swift */; };
		618983AD2CBB14E700A01875 /* MoviesEntity.swift in Sources */ = {isa = PBXBuildFile; fileRef = 618983AC2CBB14E700A01875 /* MoviesEntity.swift */; };
		618983AF2CBB153D00A01875 /* MoviesResponseEntity.swift in Sources */ = {isa = PBXBuildFile; fileRef = 618983AE2CBB153D00A01875 /* MoviesResponseEntity.swift */; };
		618983B32CBB1F6100A01875 /* MoviesCellView.swift in Sources */ = {isa = PBXBuildFile; fileRef = 618983B22CBB1F6100A01875 /* MoviesCellView.swift */; };
		618983B52CBB2F8300A01875 /* Mapper.swift in Sources */ = {isa = PBXBuildFile; fileRef = 618983B42CBB2F8300A01875 /* Mapper.swift */; };
		618983B72CBB2FF000A01875 /* MovieViewModel.swift in Sources */ = {isa = PBXBuildFile; fileRef = 618983B62CBB2FF000A01875 /* MovieViewModel.swift */; };
		618983CA2CBB49DC00A01875 /* DetailMapper.swift in Sources */ = {isa = PBXBuildFile; fileRef = 618983C02CBB49DC00A01875 /* DetailMapper.swift */; };
		618983CB2CBB49DC00A01875 /* DetailMoviesEntity.swift in Sources */ = {isa = PBXBuildFile; fileRef = 618983C82CBB49DC00A01875 /* DetailMoviesEntity.swift */; };
		618983CC2CBB49DC00A01875 /* DetailMoviesResponseEntity.swift in Sources */ = {isa = PBXBuildFile; fileRef = 618983C92CBB49DC00A01875 /* DetailMoviesResponseEntity.swift */; };
		618983CD2CBB49DC00A01875 /* DetailMoviesRouter.swift in Sources */ = {isa = PBXBuildFile; fileRef = 618983C42CBB49DC00A01875 /* DetailMoviesRouter.swift */; };
		618983CE2CBB49DC00A01875 /* DetailMoviesView.swift in Sources */ = {isa = PBXBuildFile; fileRef = 618983C62CBB49DC00A01875 /* DetailMoviesView.swift */; };
		618983CF2CBB49DC00A01875 /* DetailMovieViewModel.swift in Sources */ = {isa = PBXBuildFile; fileRef = 618983BF2CBB49DC00A01875 /* DetailMovieViewModel.swift */; };
		618983D02CBB49DC00A01875 /* DetailMoviesPresenter.swift in Sources */ = {isa = PBXBuildFile; fileRef = 618983C32CBB49DC00A01875 /* DetailMoviesPresenter.swift */; };
		618983D32CBB49DC00A01875 /* DetailMoviesInteractor.swift in Sources */ = {isa = PBXBuildFile; fileRef = 618983C22CBB49DC00A01875 /* DetailMoviesInteractor.swift */; };
		66CF92472B74B2E60000C207 /* AppDelegate.swift in Sources */ = {isa = PBXBuildFile; fileRef = 66CF92462B74B2E60000C207 /* AppDelegate.swift */; };
		66CF92492B74B2E60000C207 /* SceneDelegate.swift in Sources */ = {isa = PBXBuildFile; fileRef = 66CF92482B74B2E60000C207 /* SceneDelegate.swift */; };
		66CF92502B74B2E80000C207 /* Assets.xcassets in Resources */ = {isa = PBXBuildFile; fileRef = 66CF924F2B74B2E80000C207 /* Assets.xcassets */; };
		66CF92532B74B2E80000C207 /* LaunchScreen.storyboard in Resources */ = {isa = PBXBuildFile; fileRef = 66CF92512B74B2E80000C207 /* LaunchScreen.storyboard */; };
/* End PBXBuildFile section */

/* Begin PBXFileReference section */
		618983802CBAEEF200A01875 /* MoviesInteractor.swift */ = {isa = PBXFileReference; lastKnownFileType = sourcecode.swift; path = MoviesInteractor.swift; sourceTree = "<group>"; };
		618983812CBAEEF200A01875 /* MoviesPresenter.swift */ = {isa = PBXFileReference; lastKnownFileType = sourcecode.swift; path = MoviesPresenter.swift; sourceTree = "<group>"; };
		618983822CBAEEF200A01875 /* MoviesRouter.swift */ = {isa = PBXFileReference; lastKnownFileType = sourcecode.swift; path = MoviesRouter.swift; sourceTree = "<group>"; };
		618983942CBAEF8300A01875 /* MoviesView.swift */ = {isa = PBXFileReference; lastKnownFileType = sourcecode.swift; path = MoviesView.swift; sourceTree = "<group>"; };
		618983AC2CBB14E700A01875 /* MoviesEntity.swift */ = {isa = PBXFileReference; lastKnownFileType = sourcecode.swift; path = MoviesEntity.swift; sourceTree = "<group>"; };
		618983AE2CBB153D00A01875 /* MoviesResponseEntity.swift */ = {isa = PBXFileReference; lastKnownFileType = sourcecode.swift; path = MoviesResponseEntity.swift; sourceTree = "<group>"; };
		618983B22CBB1F6100A01875 /* MoviesCellView.swift */ = {isa = PBXFileReference; lastKnownFileType = sourcecode.swift; path = MoviesCellView.swift; sourceTree = "<group>"; };
		618983B42CBB2F8300A01875 /* Mapper.swift */ = {isa = PBXFileReference; lastKnownFileType = sourcecode.swift; path = Mapper.swift; sourceTree = "<group>"; };
		618983B62CBB2FF000A01875 /* MovieViewModel.swift */ = {isa = PBXFileReference; lastKnownFileType = sourcecode.swift; path = MovieViewModel.swift; sourceTree = "<group>"; };
		618983BF2CBB49DC00A01875 /* DetailMovieViewModel.swift */ = {isa = PBXFileReference; lastKnownFileType = sourcecode.swift; path = DetailMovieViewModel.swift; sourceTree = "<group>"; };
		618983C02CBB49DC00A01875 /* DetailMapper.swift */ = {isa = PBXFileReference; lastKnownFileType = sourcecode.swift; path = DetailMapper.swift; sourceTree = "<group>"; };
		618983C22CBB49DC00A01875 /* DetailMoviesInteractor.swift */ = {isa = PBXFileReference; lastKnownFileType = sourcecode.swift; path = DetailMoviesInteractor.swift; sourceTree = "<group>"; };
		618983C32CBB49DC00A01875 /* DetailMoviesPresenter.swift */ = {isa = PBXFileReference; lastKnownFileType = sourcecode.swift; path = DetailMoviesPresenter.swift; sourceTree = "<group>"; };
		618983C42CBB49DC00A01875 /* DetailMoviesRouter.swift */ = {isa = PBXFileReference; lastKnownFileType = sourcecode.swift; path = DetailMoviesRouter.swift; sourceTree = "<group>"; };
		618983C62CBB49DC00A01875 /* DetailMoviesView.swift */ = {isa = PBXFileReference; lastKnownFileType = sourcecode.swift; path = DetailMoviesView.swift; sourceTree = "<group>"; };
		618983C82CBB49DC00A01875 /* DetailMoviesEntity.swift */ = {isa = PBXFileReference; lastKnownFileType = sourcecode.swift; path = DetailMoviesEntity.swift; sourceTree = "<group>"; };
		618983C92CBB49DC00A01875 /* DetailMoviesResponseEntity.swift */ = {isa = PBXFileReference; lastKnownFileType = sourcecode.swift; path = DetailMoviesResponseEntity.swift; sourceTree = "<group>"; };
		66CF92432B74B2E60000C207 /* Movies.app */ = {isa = PBXFileReference; explicitFileType = wrapper.application; includeInIndex = 0; path = Movies.app; sourceTree = BUILT_PRODUCTS_DIR; };
		66CF92462B74B2E60000C207 /* AppDelegate.swift */ = {isa = PBXFileReference; lastKnownFileType = sourcecode.swift; path = AppDelegate.swift; sourceTree = "<group>"; };
		66CF92482B74B2E60000C207 /* SceneDelegate.swift */ = {isa = PBXFileReference; lastKnownFileType = sourcecode.swift; path = SceneDelegate.swift; sourceTree = "<group>"; };
		66CF924F2B74B2E80000C207 /* Assets.xcassets */ = {isa = PBXFileReference; lastKnownFileType = folder.assetcatalog; path = Assets.xcassets; sourceTree = "<group>"; };
		66CF92522B74B2E80000C207 /* Base */ = {isa = PBXFileReference; lastKnownFileType = file.storyboard; name = Base; path = Base.lproj/LaunchScreen.storyboard; sourceTree = "<group>"; };
		66CF92542B74B2E80000C207 /* Info.plist */ = {isa = PBXFileReference; lastKnownFileType = text.plist.xml; path = Info.plist; sourceTree = "<group>"; };
/* End PBXFileReference section */

/* Begin PBXFrameworksBuildPhase section */
		66CF92402B74B2E60000C207 /* Frameworks */ = {
			isa = PBXFrameworksBuildPhase;
			buildActionMask = 2147483647;
			files = (
				6189833D2CBACC7700A01875 /* Kingfisher in Frameworks */,
				618983332CBACA0C00A01875 /* Alamofire in Frameworks */,
			);
			runOnlyForDeploymentPostprocessing = 0;
		};
/* End PBXFrameworksBuildPhase section */

/* Begin PBXGroup section */
		618983562CBAE41600A01875 /* Features */ = {
			isa = PBXGroup;
			children = (
				618983BE2CBB49D000A01875 /* MovieDetail */,
				618983BC2CBB499A00A01875 /* Home */,
			);
			path = Features;
			sourceTree = "<group>";
		};
		618983572CBAE42E00A01875 /* Resources */ = {
			isa = PBXGroup;
			children = (
				6189835A2CBAE47B00A01875 /* Assets */,
			);
			path = Resources;
			sourceTree = "<group>";
		};
		6189835A2CBAE47B00A01875 /* Assets */ = {
			isa = PBXGroup;
			children = (
				66CF924F2B74B2E80000C207 /* Assets.xcassets */,
			);
			path = Assets;
			sourceTree = "<group>";
		};
		618983632CBAE58000A01875 /* Application */ = {
			isa = PBXGroup;
			children = (
				66CF92462B74B2E60000C207 /* AppDelegate.swift */,
				66CF92542B74B2E80000C207 /* Info.plist */,
				66CF92512B74B2E80000C207 /* LaunchScreen.storyboard */,
				66CF92482B74B2E60000C207 /* SceneDelegate.swift */,
			);
			path = Application;
			sourceTree = "<group>";
		};
		618983862CBAEEF200A01875 /* Viper */ = {
			isa = PBXGroup;
			children = (
				618983B22CBB1F6100A01875 /* MoviesCellView.swift */,
				618983802CBAEEF200A01875 /* MoviesInteractor.swift */,
				618983812CBAEEF200A01875 /* MoviesPresenter.swift */,
				618983822CBAEEF200A01875 /* MoviesRouter.swift */,
				618983942CBAEF8300A01875 /* MoviesView.swift */,
			);
			path = Viper;
			sourceTree = "<group>";
		};
		618983BC2CBB499A00A01875 /* Home */ = {
			isa = PBXGroup;
			children = (
				618983B62CBB2FF000A01875 /* MovieViewModel.swift */,
				618983B42CBB2F8300A01875 /* Mapper.swift */,
				618983862CBAEEF200A01875 /* Viper */,
				618983AC2CBB14E700A01875 /* MoviesEntity.swift */,
				618983AE2CBB153D00A01875 /* MoviesResponseEntity.swift */,
			);
			path = Home;
			sourceTree = "<group>";
		};
		618983BE2CBB49D000A01875 /* MovieDetail */ = {
			isa = PBXGroup;
			children = (
				618983BF2CBB49DC00A01875 /* DetailMovieViewModel.swift */,
				618983C02CBB49DC00A01875 /* DetailMapper.swift */,
				618983C72CBB49DC00A01875 /* Viper */,
				618983C82CBB49DC00A01875 /* DetailMoviesEntity.swift */,
				618983C92CBB49DC00A01875 /* DetailMoviesResponseEntity.swift */,
			);
			path = MovieDetail;
			sourceTree = "<group>";
		};
		618983C72CBB49DC00A01875 /* Viper */ = {
			isa = PBXGroup;
			children = (
				618983C22CBB49DC00A01875 /* DetailMoviesInteractor.swift */,
				618983C32CBB49DC00A01875 /* DetailMoviesPresenter.swift */,
				618983C42CBB49DC00A01875 /* DetailMoviesRouter.swift */,
				618983C62CBB49DC00A01875 /* DetailMoviesView.swift */,
			);
			path = Viper;
			sourceTree = "<group>";
		};
		66CF923A2B74B2E60000C207 = {
			isa = PBXGroup;
			children = (
				66CF92452B74B2E60000C207 /* Movies */,
				66CF92442B74B2E60000C207 /* Products */,
			);
			sourceTree = "<group>";
		};
		66CF92442B74B2E60000C207 /* Products */ = {
			isa = PBXGroup;
			children = (
				66CF92432B74B2E60000C207 /* Movies.app */,
			);
			name = Products;
			sourceTree = "<group>";
		};
		66CF92452B74B2E60000C207 /* Movies */ = {
			isa = PBXGroup;
			children = (
				618983632CBAE58000A01875 /* Application */,
				618983572CBAE42E00A01875 /* Resources */,
				618983562CBAE41600A01875 /* Features */,
			);
			path = Movies;
			sourceTree = "<group>";
		};
/* End PBXGroup section */

/* Begin PBXNativeTarget section */
		66CF92422B74B2E60000C207 /* Movies */ = {
			isa = PBXNativeTarget;
			buildConfigurationList = 66CF92572B74B2E80000C207 /* Build configuration list for PBXNativeTarget "Movies" */;
			buildPhases = (
				66CF923F2B74B2E60000C207 /* Sources */,
				66CF92402B74B2E60000C207 /* Frameworks */,
				66CF92412B74B2E60000C207 /* Resources */,
				618983492CBAD05800A01875 /* Swiftlint */,
			);
			buildRules = (
			);
			dependencies = (
			);
			name = Movies;
			packageProductDependencies = (
				618983322CBACA0C00A01875 /* Alamofire */,
				6189833C2CBACC7700A01875 /* Kingfisher */,
			);
			productName = Sportmen;
			productReference = 66CF92432B74B2E60000C207 /* Movies.app */;
			productType = "com.apple.product-type.application";
		};
/* End PBXNativeTarget section */

/* Begin PBXProject section */
		66CF923B2B74B2E60000C207 /* Project object */ = {
			isa = PBXProject;
			attributes = {
				BuildIndependentTargetsInParallel = 1;
				LastSwiftUpdateCheck = 1520;
				LastUpgradeCheck = 1520;
				TargetAttributes = {
					66CF92422B74B2E60000C207 = {
						CreatedOnToolsVersion = 15.2;
					};
				};
			};
			buildConfigurationList = 66CF923E2B74B2E60000C207 /* Build configuration list for PBXProject "Movies" */;
			compatibilityVersion = "Xcode 14.0";
			developmentRegion = en;
			hasScannedForEncodings = 0;
			knownRegions = (
				en,
				Base,
			);
			mainGroup = 66CF923A2B74B2E60000C207;
			packageReferences = (
				618983312CBACA0C00A01875 /* XCRemoteSwiftPackageReference "Alamofire" */,
				6189833B2CBACC7700A01875 /* XCRemoteSwiftPackageReference "Kingfisher" */,
				618983432CBACEAF00A01875 /* XCRemoteSwiftPackageReference "SwiftLint" */,
			);
			productRefGroup = 66CF92442B74B2E60000C207 /* Products */;
			projectDirPath = "";
			projectRoot = "";
			targets = (
				66CF92422B74B2E60000C207 /* Movies */,
			);
		};
/* End PBXProject section */

/* Begin PBXResourcesBuildPhase section */
		66CF92412B74B2E60000C207 /* Resources */ = {
			isa = PBXResourcesBuildPhase;
			buildActionMask = 2147483647;
			files = (
				66CF92532B74B2E80000C207 /* LaunchScreen.storyboard in Resources */,
				66CF92502B74B2E80000C207 /* Assets.xcassets in Resources */,
			);
			runOnlyForDeploymentPostprocessing = 0;
		};
/* End PBXResourcesBuildPhase section */

/* Begin PBXShellScriptBuildPhase section */
		618983492CBAD05800A01875 /* Swiftlint */ = {
			isa = PBXShellScriptBuildPhase;
			buildActionMask = 2147483647;
			files = (
			);
			inputFileListPaths = (
			);
			inputPaths = (
			);
			name = Swiftlint;
			outputFileListPaths = (
			);
			outputPaths = (
			);
			runOnlyForDeploymentPostprocessing = 0;
			shellPath = /bin/sh;
			shellScript = "export PATH='$PATH:/opt/homebrew/bin'\n\nif which swiftlint > /dev/null; then\n    swiftlint\nelse \n    echo \"warning: swiftlint not installed\"\nfi\n";
		};
/* End PBXShellScriptBuildPhase section */

/* Begin PBXSourcesBuildPhase section */
		66CF923F2B74B2E60000C207 /* Sources */ = {
			isa = PBXSourcesBuildPhase;
			buildActionMask = 2147483647;
			files = (
				618983AD2CBB14E700A01875 /* MoviesEntity.swift in Sources */,
				618983882CBAEEF200A01875 /* MoviesRouter.swift in Sources */,
				618983892CBAEEF200A01875 /* MoviesInteractor.swift in Sources */,
				618983B32CBB1F6100A01875 /* MoviesCellView.swift in Sources */,
				618983B52CBB2F8300A01875 /* Mapper.swift in Sources */,
				618983952CBAEF8300A01875 /* MoviesView.swift in Sources */,
				618983CA2CBB49DC00A01875 /* DetailMapper.swift in Sources */,
				618983CB2CBB49DC00A01875 /* DetailMoviesEntity.swift in Sources */,
				618983CC2CBB49DC00A01875 /* DetailMoviesResponseEntity.swift in Sources */,
				618983CD2CBB49DC00A01875 /* DetailMoviesRouter.swift in Sources */,
				618983CE2CBB49DC00A01875 /* DetailMoviesView.swift in Sources */,
				618983CF2CBB49DC00A01875 /* DetailMovieViewModel.swift in Sources */,
				618983D02CBB49DC00A01875 /* DetailMoviesPresenter.swift in Sources */,
				618983D32CBB49DC00A01875 /* DetailMoviesInteractor.swift in Sources */,
				6189838C2CBAEEF200A01875 /* MoviesPresenter.swift in Sources */,
				66CF92472B74B2E60000C207 /* AppDelegate.swift in Sources */,
				618983AF2CBB153D00A01875 /* MoviesResponseEntity.swift in Sources */,
				66CF92492B74B2E60000C207 /* SceneDelegate.swift in Sources */,
				618983B72CBB2FF000A01875 /* MovieViewModel.swift in Sources */,
			);
			runOnlyForDeploymentPostprocessing = 0;
		};
/* End PBXSourcesBuildPhase section */

/* Begin PBXVariantGroup section */
		66CF92512B74B2E80000C207 /* LaunchScreen.storyboard */ = {
			isa = PBXVariantGroup;
			children = (
				66CF92522B74B2E80000C207 /* Base */,
			);
			name = LaunchScreen.storyboard;
			sourceTree = "<group>";
		};
/* End PBXVariantGroup section */

/* Begin XCBuildConfiguration section */
		66CF92552B74B2E80000C207 /* Debug */ = {
			isa = XCBuildConfiguration;
			buildSettings = {
				ALWAYS_SEARCH_USER_PATHS = NO;
				ASSETCATALOG_COMPILER_GENERATE_SWIFT_ASSET_SYMBOL_EXTENSIONS = YES;
				CLANG_ANALYZER_NONNULL = YES;
				CLANG_ANALYZER_NUMBER_OBJECT_CONVERSION = YES_AGGRESSIVE;
				CLANG_CXX_LANGUAGE_STANDARD = "gnu++20";
				CLANG_ENABLE_MODULES = YES;
				CLANG_ENABLE_OBJC_ARC = YES;
				CLANG_ENABLE_OBJC_WEAK = YES;
				CLANG_WARN_BLOCK_CAPTURE_AUTORELEASING = YES;
				CLANG_WARN_BOOL_CONVERSION = YES;
				CLANG_WARN_COMMA = YES;
				CLANG_WARN_CONSTANT_CONVERSION = YES;
				CLANG_WARN_DEPRECATED_OBJC_IMPLEMENTATIONS = YES;
				CLANG_WARN_DIRECT_OBJC_ISA_USAGE = YES_ERROR;
				CLANG_WARN_DOCUMENTATION_COMMENTS = YES;
				CLANG_WARN_EMPTY_BODY = YES;
				CLANG_WARN_ENUM_CONVERSION = YES;
				CLANG_WARN_INFINITE_RECURSION = YES;
				CLANG_WARN_INT_CONVERSION = YES;
				CLANG_WARN_NON_LITERAL_NULL_CONVERSION = YES;
				CLANG_WARN_OBJC_IMPLICIT_RETAIN_SELF = YES;
				CLANG_WARN_OBJC_LITERAL_CONVERSION = YES;
				CLANG_WARN_OBJC_ROOT_CLASS = YES_ERROR;
				CLANG_WARN_QUOTED_INCLUDE_IN_FRAMEWORK_HEADER = YES;
				CLANG_WARN_RANGE_LOOP_ANALYSIS = YES;
				CLANG_WARN_STRICT_PROTOTYPES = YES;
				CLANG_WARN_SUSPICIOUS_MOVE = YES;
				CLANG_WARN_UNGUARDED_AVAILABILITY = YES_AGGRESSIVE;
				CLANG_WARN_UNREACHABLE_CODE = YES;
				CLANG_WARN__DUPLICATE_METHOD_MATCH = YES;
				COPY_PHASE_STRIP = NO;
				DEBUG_INFORMATION_FORMAT = dwarf;
				ENABLE_STRICT_OBJC_MSGSEND = YES;
				ENABLE_TESTABILITY = YES;
				ENABLE_USER_SCRIPT_SANDBOXING = NO;
				GCC_C_LANGUAGE_STANDARD = gnu17;
				GCC_DYNAMIC_NO_PIC = NO;
				GCC_NO_COMMON_BLOCKS = YES;
				GCC_OPTIMIZATION_LEVEL = 0;
				GCC_PREPROCESSOR_DEFINITIONS = (
					"DEBUG=1",
					"$(inherited)",
				);
				GCC_WARN_64_TO_32_BIT_CONVERSION = YES;
				GCC_WARN_ABOUT_RETURN_TYPE = YES_ERROR;
				GCC_WARN_UNDECLARED_SELECTOR = YES;
				GCC_WARN_UNINITIALIZED_AUTOS = YES_AGGRESSIVE;
				GCC_WARN_UNUSED_FUNCTION = YES;
				GCC_WARN_UNUSED_VARIABLE = YES;
				IPHONEOS_DEPLOYMENT_TARGET = 17.6;
				LOCALIZATION_PREFERS_STRING_CATALOGS = YES;
				MTL_ENABLE_DEBUG_INFO = INCLUDE_SOURCE;
				MTL_FAST_MATH = YES;
				ONLY_ACTIVE_ARCH = YES;
				SDKROOT = iphoneos;
				SWIFT_ACTIVE_COMPILATION_CONDITIONS = "DEBUG $(inherited)";
				SWIFT_OPTIMIZATION_LEVEL = "-Onone";
			};
			name = Debug;
		};
		66CF92562B74B2E80000C207 /* Release */ = {
			isa = XCBuildConfiguration;
			buildSettings = {
				ALWAYS_SEARCH_USER_PATHS = NO;
				ASSETCATALOG_COMPILER_GENERATE_SWIFT_ASSET_SYMBOL_EXTENSIONS = YES;
				CLANG_ANALYZER_NONNULL = YES;
				CLANG_ANALYZER_NUMBER_OBJECT_CONVERSION = YES_AGGRESSIVE;
				CLANG_CXX_LANGUAGE_STANDARD = "gnu++20";
				CLANG_ENABLE_MODULES = YES;
				CLANG_ENABLE_OBJC_ARC = YES;
				CLANG_ENABLE_OBJC_WEAK = YES;
				CLANG_WARN_BLOCK_CAPTURE_AUTORELEASING = YES;
				CLANG_WARN_BOOL_CONVERSION = YES;
				CLANG_WARN_COMMA = YES;
				CLANG_WARN_CONSTANT_CONVERSION = YES;
				CLANG_WARN_DEPRECATED_OBJC_IMPLEMENTATIONS = YES;
				CLANG_WARN_DIRECT_OBJC_ISA_USAGE = YES_ERROR;
				CLANG_WARN_DOCUMENTATION_COMMENTS = YES;
				CLANG_WARN_EMPTY_BODY = YES;
				CLANG_WARN_ENUM_CONVERSION = YES;
				CLANG_WARN_INFINITE_RECURSION = YES;
				CLANG_WARN_INT_CONVERSION = YES;
				CLANG_WARN_NON_LITERAL_NULL_CONVERSION = YES;
				CLANG_WARN_OBJC_IMPLICIT_RETAIN_SELF = YES;
				CLANG_WARN_OBJC_LITERAL_CONVERSION = YES;
				CLANG_WARN_OBJC_ROOT_CLASS = YES_ERROR;
				CLANG_WARN_QUOTED_INCLUDE_IN_FRAMEWORK_HEADER = YES;
				CLANG_WARN_RANGE_LOOP_ANALYSIS = YES;
				CLANG_WARN_STRICT_PROTOTYPES = YES;
				CLANG_WARN_SUSPICIOUS_MOVE = YES;
				CLANG_WARN_UNGUARDED_AVAILABILITY = YES_AGGRESSIVE;
				CLANG_WARN_UNREACHABLE_CODE = YES;
				CLANG_WARN__DUPLICATE_METHOD_MATCH = YES;
				COPY_PHASE_STRIP = NO;
				DEBUG_INFORMATION_FORMAT = "dwarf-with-dsym";
				ENABLE_NS_ASSERTIONS = NO;
				ENABLE_STRICT_OBJC_MSGSEND = YES;
				ENABLE_USER_SCRIPT_SANDBOXING = NO;
				GCC_C_LANGUAGE_STANDARD = gnu17;
				GCC_NO_COMMON_BLOCKS = YES;
				GCC_WARN_64_TO_32_BIT_CONVERSION = YES;
				GCC_WARN_ABOUT_RETURN_TYPE = YES_ERROR;
				GCC_WARN_UNDECLARED_SELECTOR = YES;
				GCC_WARN_UNINITIALIZED_AUTOS = YES_AGGRESSIVE;
				GCC_WARN_UNUSED_FUNCTION = YES;
				GCC_WARN_UNUSED_VARIABLE = YES;
				IPHONEOS_DEPLOYMENT_TARGET = 17.6;
				LOCALIZATION_PREFERS_STRING_CATALOGS = YES;
				MTL_ENABLE_DEBUG_INFO = NO;
				MTL_FAST_MATH = YES;
				SDKROOT = iphoneos;
				SWIFT_COMPILATION_MODE = wholemodule;
				VALIDATE_PRODUCT = YES;
			};
			name = Release;
		};
		66CF92582B74B2E80000C207 /* Debug */ = {
			isa = XCBuildConfiguration;
			buildSettings = {
				ASSETCATALOG_COMPILER_APPICON_NAME = AppIcon;
				ASSETCATALOG_COMPILER_GLOBAL_ACCENT_COLOR_NAME = AccentColor;
				CODE_SIGN_IDENTITY = "Apple Development";
				CODE_SIGN_STYLE = Automatic;
				CURRENT_PROJECT_VERSION = 1;
				DEVELOPMENT_TEAM = 4866964873;
				GENERATE_INFOPLIST_FILE = YES;
				INFOPLIST_FILE = Movies/Application/Info.plist;
				INFOPLIST_KEY_UIApplicationSupportsIndirectInputEvents = YES;
				INFOPLIST_KEY_UILaunchStoryboardName = LaunchScreen;
				INFOPLIST_KEY_UISupportedInterfaceOrientations = UIInterfaceOrientationPortrait;
				INFOPLIST_KEY_UISupportedInterfaceOrientations_iPad = "UIInterfaceOrientationPortrait UIInterfaceOrientationPortraitUpsideDown";
				LD_RUNPATH_SEARCH_PATHS = (
					"$(inherited)",
					"@executable_path/Frameworks",
				);
				MARKETING_VERSION = 1.0;
				PRODUCT_BUNDLE_IDENTIFIER = com.IremSever.Movies;
				PRODUCT_NAME = "$(TARGET_NAME)";
				PROVISIONING_PROFILE_SPECIFIER = "";
				SUPPORTED_PLATFORMS = "iphoneos iphonesimulator";
				SUPPORTS_MACCATALYST = NO;
				SUPPORTS_MAC_DESIGNED_FOR_IPHONE_IPAD = NO;
				SUPPORTS_XR_DESIGNED_FOR_IPHONE_IPAD = NO;
				SWIFT_EMIT_LOC_STRINGS = YES;
				SWIFT_VERSION = 5.0;
				TARGETED_DEVICE_FAMILY = "1,2";
			};
			name = Debug;
		};
		66CF92592B74B2E80000C207 /* Release */ = {
			isa = XCBuildConfiguration;
			buildSettings = {
				ASSETCATALOG_COMPILER_APPICON_NAME = AppIcon;
				ASSETCATALOG_COMPILER_GLOBAL_ACCENT_COLOR_NAME = AccentColor;
				CODE_SIGN_IDENTITY = "Apple Development";
				CODE_SIGN_STYLE = Automatic;
				CURRENT_PROJECT_VERSION = 1;
				DEVELOPMENT_TEAM = 4866964873;
				GENERATE_INFOPLIST_FILE = YES;
				INFOPLIST_FILE = Movies/Application/Info.plist;
				INFOPLIST_KEY_UIApplicationSupportsIndirectInputEvents = YES;
				INFOPLIST_KEY_UILaunchStoryboardName = LaunchScreen;
				INFOPLIST_KEY_UISupportedInterfaceOrientations = UIInterfaceOrientationPortrait;
				INFOPLIST_KEY_UISupportedInterfaceOrientations_iPad = "UIInterfaceOrientationPortrait UIInterfaceOrientationPortraitUpsideDown";
				LD_RUNPATH_SEARCH_PATHS = (
					"$(inherited)",
					"@executable_path/Frameworks",
				);
				MARKETING_VERSION = 1.0;
				PRODUCT_BUNDLE_IDENTIFIER = com.IremSever.Movies;
				PRODUCT_NAME = "$(TARGET_NAME)";
				PROVISIONING_PROFILE_SPECIFIER = "";
				SUPPORTED_PLATFORMS = "iphoneos iphonesimulator";
				SUPPORTS_MACCATALYST = NO;
				SUPPORTS_MAC_DESIGNED_FOR_IPHONE_IPAD = NO;
				SUPPORTS_XR_DESIGNED_FOR_IPHONE_IPAD = NO;
				SWIFT_EMIT_LOC_STRINGS = YES;
				SWIFT_VERSION = 5.0;
				TARGETED_DEVICE_FAMILY = "1,2";
			};
			name = Release;
		};
/* End XCBuildConfiguration section */

/* Begin XCConfigurationList section */
		66CF923E2B74B2E60000C207 /* Build configuration list for PBXProject "Movies" */ = {
			isa = XCConfigurationList;
			buildConfigurations = (
				66CF92552B74B2E80000C207 /* Debug */,
				66CF92562B74B2E80000C207 /* Release */,
			);
			defaultConfigurationIsVisible = 0;
			defaultConfigurationName = Release;
		};
		66CF92572B74B2E80000C207 /* Build configuration list for PBXNativeTarget "Movies" */ = {
			isa = XCConfigurationList;
			buildConfigurations = (
				66CF92582B74B2E80000C207 /* Debug */,
				66CF92592B74B2E80000C207 /* Release */,
			);
			defaultConfigurationIsVisible = 0;
			defaultConfigurationName = Release;
		};
/* End XCConfigurationList section */

/* Begin XCRemoteSwiftPackageReference section */
		618983312CBACA0C00A01875 /* XCRemoteSwiftPackageReference "Alamofire" */ = {
			isa = XCRemoteSwiftPackageReference;
			repositoryURL = "https://github.com/Alamofire/Alamofire";
			requirement = {
				kind = upToNextMajorVersion;
				minimumVersion = 5.9.1;
			};
		};
		6189833B2CBACC7700A01875 /* XCRemoteSwiftPackageReference "Kingfisher" */ = {
			isa = XCRemoteSwiftPackageReference;
			repositoryURL = "https://github.com/onevcat/Kingfisher";
			requirement = {
				kind = upToNextMajorVersion;
				minimumVersion = 8.0.3;
			};
		};
		618983432CBACEAF00A01875 /* XCRemoteSwiftPackageReference "SwiftLint" */ = {
			isa = XCRemoteSwiftPackageReference;
			repositoryURL = "https://github.com/realm/SwiftLint";
			requirement = {
				kind = upToNextMajorVersion;
				minimumVersion = 0.57.0;
			};
		};
/* End XCRemoteSwiftPackageReference section */

/* Begin XCSwiftPackageProductDependency section */
		618983322CBACA0C00A01875 /* Alamofire */ = {
			isa = XCSwiftPackageProductDependency;
			package = 618983312CBACA0C00A01875 /* XCRemoteSwiftPackageReference "Alamofire" */;
			productName = Alamofire;
		};
		6189833C2CBACC7700A01875 /* Kingfisher */ = {
			isa = XCSwiftPackageProductDependency;
			package = 6189833B2CBACC7700A01875 /* XCRemoteSwiftPackageReference "Kingfisher" */;
			productName = Kingfisher;
		};
/* End XCSwiftPackageProductDependency section */
	};
	rootObject = 66CF923B2B74B2E60000C207 /* Project object */;
}
